
Microsoft Visual Studio Solution File, Format Version 12.00
# Visual Studio Version 16
VisualStudioVersion = 16.0.30804.86
MinimumVisualStudioVersion = 10.0.40219.1
Project("{FAE04EC0-301F-11D3-BF4B-00C04F79EFBC}") = "WebAPI_React_Client", "WebAPI_React_Client.csproj", "{42BB5745-EC29-4427-B000-A1FB27FF399A}"
EndProject
Global
	GlobalSection(SolutionConfigurationPlatforms) = preSolution
		Debug|Any CPU = Debug|Any CPU
		Release|Any CPU = Release|Any CPU
	EndGlobalSection
	GlobalSection(ProjectConfigurationPlatforms) = postSolution
		{42BB5745-EC29-4427-B000-A1FB27FF399A}.Debug|Any CPU.ActiveCfg = Debug|Any CPU
		{42BB5745-EC29-4427-B000-A1FB27FF399A}.Debug|Any CPU.Build.0 = Debug|Any CPU
		{42BB5745-EC29-4427-B000-A1FB27FF399A}.Release|Any CPU.ActiveCfg = Release|Any CPU
		{42BB5745-EC29-4427-B000-A1FB27FF399A}.Release|Any CPU.Build.0 = Release|Any CPU
	EndGlobalSection
	GlobalSection(SolutionProperties) = preSolution
		HideSolutionNode = FALSE
	EndGlobalSection
	GlobalSection(ExtensibilityGlobals) = postSolution
		SolutionGuid = {675FE4BD-A52D-4160-AA8B-3FAB20E3797B}
	EndGlobalSection
EndGlobal
